
Microsoft Visual Studio Solution File, Format Version 12.00
# Visual Studio 15
VisualStudioVersion = 15.0.27703.2026
MinimumVisualStudioVersion = 10.0.40219.1
Project("{FAE04EC0-301F-11D3-BF4B-00C04F79EFBC}") = "CRM", "CRM\CRM.csproj", "{DB9F803C-B07D-4203-B6AB-BF4DF0FF7F2B}"
EndProject
Global
	GlobalSection(SolutionConfigurationPlatforms) = preSolution
		Debug|Any CPU = Debug|Any CPU
		Release|Any CPU = Release|Any CPU
	EndGlobalSection
	GlobalSection(ProjectConfigurationPlatforms) = postSolution
		{DB9F803C-B07D-4203-B6AB-BF4DF0FF7F2B}.Debug|Any CPU.ActiveCfg = Debug|Any CPU
		{DB9F803C-B07D-4203-B6AB-BF4DF0FF7F2B}.Debug|Any CPU.Build.0 = Debug|Any CPU
		{DB9F803C-B07D-4203-B6AB-BF4DF0FF7F2B}.Release|Any CPU.ActiveCfg = Release|Any CPU
		{DB9F803C-B07D-4203-B6AB-BF4DF0FF7F2B}.Release|Any CPU.Build.0 = Release|Any CPU
	EndGlobalSection
	GlobalSection(SolutionProperties) = preSolution
		HideSolutionNode = FALSE
	EndGlobalSection
	GlobalSection(ExtensibilityGlobals) = postSolution
		SolutionGuid = {12BE1B30-EAED-4FDA-AFC0-9D2206441201}
	EndGlobalSection
EndGlobal
